
Microsoft Visual Studio Solution File, Format Version 12.00
# Visual Studio Version 17
VisualStudioVersion = 17.4.33205.214
MinimumVisualStudioVersion = 10.0.40219.1
Project("{FAE04EC0-301F-11D3-BF4B-00C04F79EFBC}") = "SistemaBancario", "SistemaBancario.csproj", "{C3D60B99-8631-46B5-A06F-32F06D9605CC}"
EndProject
Global
	GlobalSection(SolutionConfigurationPlatforms) = preSolution
		Debug|Any CPU = Debug|Any CPU
		Release|Any CPU = Release|Any CPU
	EndGlobalSection
	GlobalSection(ProjectConfigurationPlatforms) = postSolution
		{C3D60B99-8631-46B5-A06F-32F06D9605CC}.Debug|Any CPU.ActiveCfg = Debug|Any CPU
		{C3D60B99-8631-46B5-A06F-32F06D9605CC}.Debug|Any CPU.Build.0 = Debug|Any CPU
		{C3D60B99-8631-46B5-A06F-32F06D9605CC}.Release|Any CPU.ActiveCfg = Release|Any CPU
		{C3D60B99-8631-46B5-A06F-32F06D9605CC}.Release|Any CPU.Build.0 = Release|Any CPU
	EndGlobalSection
	GlobalSection(SolutionProperties) = preSolution
		HideSolutionNode = FALSE
	EndGlobalSection
	GlobalSection(ExtensibilityGlobals) = postSolution
		SolutionGuid = {AC9CE114-6721-4ED9-979C-A52B90E5FC2C}
	EndGlobalSection
EndGlobal
